
Microsoft Visual Studio Solution File, Format Version 12.00
# Visual Studio Version 17
VisualStudioVersion = 17.0.32112.339
MinimumVisualStudioVersion = 10.0.40219.1
Project("{FAE04EC0-301F-11D3-BF4B-00C04F79EFBC}") = "WebApplication1", "WebApplication1\WebApplication1.csproj", "{86271EFA-8070-448C-BC5B-7B95F445FF23}"
EndProject
Global
	GlobalSection(SolutionConfigurationPlatforms) = preSolution
		Debug|Any CPU = Debug|Any CPU
		Release|Any CPU = Release|Any CPU
	EndGlobalSection
	GlobalSection(ProjectConfigurationPlatforms) = postSolution
		{86271EFA-8070-448C-BC5B-7B95F445FF23}.Debug|Any CPU.ActiveCfg = Debug|Any CPU
		{86271EFA-8070-448C-BC5B-7B95F445FF23}.Debug|Any CPU.Build.0 = Debug|Any CPU
		{86271EFA-8070-448C-BC5B-7B95F445FF23}.Release|Any CPU.ActiveCfg = Release|Any CPU
		{86271EFA-8070-448C-BC5B-7B95F445FF23}.Release|Any CPU.Build.0 = Release|Any CPU
	EndGlobalSection
	GlobalSection(SolutionProperties) = preSolution
		HideSolutionNode = FALSE
	EndGlobalSection
	GlobalSection(ExtensibilityGlobals) = postSolution
		SolutionGuid = {0C3EF9CE-E948-4BEB-A66E-7AEE8DE8D324}
	EndGlobalSection
EndGlobal
